lockfileVersion: 5.4

specifiers:
    '@types/node': ^18.11.15
    '@vitejs/plugin-vue2': ^2.2.0
    autoprefixer: ^10.4.13
    avue-plugin-ueditor: ^0.2.9
    element-ui: ^2.15.12
    less: ^4.1.3
    lodash: ^4.17.21
    postcss: ^8.4.20
    sass: ^1.56.2
    tslib: ^2.4.1
    typescript: ^4.9.4
    vite: ^4.0.1
    vue: ^2.7.14
    vue-class-component: ^7.2.6
    vue-json-editor: ^1.4.3
    vue-property-decorator: ^9.1.2
    vue-tsc: ^1.0.13
    wangeditor: ^4.7.15

dependencies:
    avue-plugin-ueditor: 0.2.9
    element-ui: 2.15.12_vue@2.7.14
    lodash: 4.17.21
    vue: 2.7.14
    vue-class-component: 7.2.6_vue@2.7.14
    vue-json-editor: 1.4.3
    vue-property-decorator: 9.1.2_jtyyyychrtcflhl7vfprhmeb3y
    wangeditor: 4.7.15

devDependencies:
    '@types/node': 18.11.15
    '@vitejs/plugin-vue2': 2.2.0_vite@4.0.1+vue@2.7.14
    autoprefixer: 10.4.13_postcss@8.4.20
    less: 4.1.3
    postcss: 8.4.20
    sass: 1.56.2
    tslib: 2.4.1
    typescript: 4.9.4
    vite: 4.0.1_sdtyyucrvlukzcxiptpwgs6bky
    vue-tsc: 1.0.13_typescript@4.9.4

packages:

    /@babel/helper-string-parser/7.19.4:
        resolution: { integrity: sha512-nHtDoQcuqFmwYNYPz3Rah5ph2p8PFeFCsZk9A/48dPc/rGocJ5J3hAAZ7pb76VWX3fZKu+uEr/FhH5jLx7umrw== }
        engines: { node: '>=6.9.0' }

    /@babel/helper-validator-identifier/7.19.1:
        resolution: { integrity: sha512-awrNfaMtnHUr653GgGEs++LlAvW6w+DcPrOliSMXWCKo597CwL5Acf/wWdNkf/tfEQE3mjkeD1YOVZOUV/od1w== }
        engines: { node: '>=6.9.0' }

    /@babel/parser/7.20.5:
        resolution: { integrity: sha512-r27t/cy/m9uKLXQNWWebeCUHgnAZq0CpG1OwKRxzJMP1vpSU4bSIK2hq+/cp0bQxetkXx38n09rNu8jVkcK/zA== }
        engines: { node: '>=6.0.0' }
        hasBin: true
        dependencies:
            '@babel/types': 7.20.5

    /@babel/runtime-corejs3/7.20.6:
        resolution: { integrity: sha512-tqeujPiuEfcH067mx+7otTQWROVMKHXEaOQcAeNV5dDdbPWvPcFA8/W9LXw2NfjNmOetqLl03dfnG2WALPlsRQ== }
        engines: { node: '>=6.9.0' }
        dependencies:
            core-js-pure: 3.26.1
            regenerator-runtime: 0.13.11
        dev: false

    /@babel/runtime/7.20.6:
        resolution: { integrity: sha512-Q+8MqP7TiHMWzSfwiJwXCjyf4GYA4Dgw3emg/7xmwsdLJOZUp+nMqcOwOzzYheuM1rhDu8FSj2l0aoMygEuXuA== }
        engines: { node: '>=6.9.0' }
        dependencies:
            regenerator-runtime: 0.13.11
        dev: false

    /@babel/types/7.20.5:
        resolution: { integrity: sha512-c9fst/h2/dcF7H+MJKZ2T0KjEQ8hY/BNnDk/H3XY8C4Aw/eWQXWn/lWntHF9ooUBnGmEvbfGrTgLWc+um0YDUg== }
        engines: { node: '>=6.9.0' }
        dependencies:
            '@babel/helper-string-parser': 7.19.4
            '@babel/helper-validator-identifier': 7.19.1
            to-fast-properties: 2.0.0

    /@esbuild/android-arm/0.16.5:
        resolution: { integrity: sha512-eNkNuLSKpbZTH0BZklJ9B9Sml7fTIamhrQNBwftsEHCUuSLBVunzV3LfghryVGpE5lSkOwOfeX6gR6+3yLaEfQ== }
        engines: { node: '>=12' }
        cpu: [ arm ]
        os: [ android ]
        requiresBuild: true
        dev: true
        optional: true

    /@esbuild/android-arm64/0.16.5:
        resolution: { integrity: sha512-BCWkmAqFoW6xXzz6Up16bU0vdZqe23UxkrabbrmXXUuH27Tts3LVcHFCi/dGLYa6ZqC/txhtJm2kAJdoyOfHxg== }
        engines: { node: '>=12' }
        cpu: [ arm64 ]
        os: [ android ]
        requiresBuild: true
        dev: true
        optional: true

    /@esbuild/android-x64/0.16.5:
        resolution: { integrity: sha512-E0R7d0dy9+QlpMps8gJXXhtfn+fQFaTXbq8kV2u/HfHyyhxr4nIIuXZCcYxxA9LSKnsFBBbSQIGDUVY9FGgx0w== }
        engines: { node: '>=12' }
        cpu: [ x64 ]
        os: [ android ]
        requiresBuild: true
        dev: true
        optional: true

    /@esbuild/darwin-arm64/0.16.5:
        resolution: { integrity: sha512-4HlbUMy50cRaHGVriBjShs46WRPshtnVOqkxEGhEuDuJhgZ3regpWzaQxXOcDXFvVwue8RiqDAAcOi/QlVLE6Q== }
        engines: { node: '>=12' }
        cpu: [ arm64 ]
        os: [ darwin ]
        requiresBuild: true
        dev: true
        optional: true

    /@esbuild/darwin-x64/0.16.5:
        resolution: { integrity: sha512-ZDCAxAPwbtKJ5YxRZusQKDFuywH+7YNKbilss0DCRPtXMxrKRZETcuSfcgIWGYBBc+ypdOazousx3yZss2Az0A== }
        engines: { node: '>=12' }
        cpu: [ x64 ]
        os: [ darwin ]
        requiresBuild: true
        dev: true
        optional: true

    /@esbuild/freebsd-arm64/0.16.5:
        resolution: { integrity: sha512-w0dJ8om4KiagLCHURgwxXVWzi5xa0W7F5woMxzWO+LDCebrlyZUhCIbSXUKa4qD3XbdG7K4Y8N4mLDRMkZzMuw== }
        engines: { node: '>=12' }
        cpu: [ arm64 ]
        os: [ freebsd ]
        requiresBuild: true
        dev: true
        optional: true

    /@esbuild/freebsd-x64/0.16.5:
        resolution: { integrity: sha512-qCdC0T7XUxngX8otO4nmPUE/cHZfvF8jk+GMr9qkAGP0nIMACD7t/AWoY2N5rsn5/dOJ1VKM/aMF4wCFBP5AqQ== }
        engines: { node: '>=12' }
        cpu: [ x64 ]
        os: [ freebsd ]
        requiresBuild: true
        dev: true
        optional: true

    /@esbuild/linux-arm/0.16.5:
        resolution: { integrity: sha512-6crdpqwFjl+DObBgwaJMtB+VWrZd87Jy05gQTERysc1ujnUJNCJzemUcRDT5hM34dzTYThlXfFW32qQy9QpPGQ== }
        engines: { node: '>=12' }
        cpu: [ arm ]
        os: [ linux ]
        requiresBuild: true
        dev: true
        optional: true

    /@esbuild/linux-arm64/0.16.5:
        resolution: { integrity: sha512-h84QZmBhBdEclyxf9Wm/UESY6ITI7/gYLNvj/3emhDd0ILAqwHdWnMDmKqqubrMcpb1O4sWOYRm7EZ+Av8eGiQ== }
        engines: { node: '>=12' }
        cpu: [ arm64 ]
        os: [ linux ]
        requiresBuild: true
        dev: true
        optional: true

    /@esbuild/linux-ia32/0.16.5:
        resolution: { integrity: sha512-P1WNzGqy6ipvbt8iNoYY66+qUANCiM80D8bGJIU8jqSZ613eG0lUWBePi4xQazcNgIi9tSiCa9Ba3f4krXtQDw== }
        engines: { node: '>=12' }
        cpu: [ ia32 ]
        os: [ linux ]
        requiresBuild: true
        dev: true
        optional: true

    /@esbuild/linux-loong64/0.16.5:
        resolution: { integrity: sha512-r8wKqs+rl4gIT/xDB6CHMaYcvvyZ7tWf5LulH9NsDvgQEy3gIXQPR4Oy9tYrjM75uKkvBv1uw15Iz4EWsvve9Q== }
        engines: { node: '>=12' }
        cpu: [ loong64 ]
        os: [ linux ]
        requiresBuild: true
        dev: true
        optional: true

    /@esbuild/linux-mips64el/0.16.5:
        resolution: { integrity: sha512-0WMhOlwfeeAp6KMx3E6LZKDN6INk4Me8dwIw1XMSFvmE6r31vRnwXkrQlAk5FI44KZ/rIi+yynRZqEd7UJAV2g== }
        engines: { node: '>=12' }
        cpu: [ mips64el ]
        os: [ linux ]
        requiresBuild: true
        dev: true
        optional: true

    /@esbuild/linux-ppc64/0.16.5:
        resolution: { integrity: sha512-29x+DtRGcYH0Sh3QSnoF+D2SYkHLxwx5AugoGLIlVtcVqDb4fEb654d67k9VcAR2RiTAYUZ764KXzWB+ItQfgw== }
        engines: { node: '>=12' }
        cpu: [ ppc64 ]
        os: [ linux ]
        requiresBuild: true
        dev: true
        optional: true

    /@esbuild/linux-riscv64/0.16.5:
        resolution: { integrity: sha512-ZX4SSKOJUcuqFNDydfN4yCo9je9f1T72Pj+RLsAGRiuiREVCwRkXIBp810C01+MdPqYExp322kY78ISEq5XGLQ== }
        engines: { node: '>=12' }
        cpu: [ riscv64 ]
        os: [ linux ]
        requiresBuild: true
        dev: true
        optional: true

    /@esbuild/linux-s390x/0.16.5:
        resolution: { integrity: sha512-pYY86RiLD1s5RN8q0aMhWD44NiHmAZxv2bSzaNlL63/ibWETld+m6F+MPh9+ZNOqGJw53E/0qHukYI5Lm+1k7A== }
        engines: { node: '>=12' }
        cpu: [ s390x ]
        os: [ linux ]
        requiresBuild: true
        dev: true
        optional: true

    /@esbuild/linux-x64/0.16.5:
        resolution: { integrity: sha512-vsOwzKN+4NenUTyuoWLmg5dAuO8JKuLD9MXSeENA385XucuOZbblmOMwwgPlHsgVRtSjz38riqPJU2ALI/CWYQ== }
        engines: { node: '>=12' }
        cpu: [ x64 ]
        os: [ linux ]
        requiresBuild: true
        dev: true
        optional: true

    /@esbuild/netbsd-x64/0.16.5:
        resolution: { integrity: sha512-ZhfELxpZLXg7OidX9MrjgQNhjhYx3GXm59EAQVZds8GTyOOPj+Hg7ttKenlXoV8PZVkoCm0dgoWXzhasZJGfWw== }
        engines: { node: '>=12' }
        cpu: [ x64 ]
        os: [ netbsd ]
        requiresBuild: true
        dev: true
        optional: true

    /@esbuild/openbsd-x64/0.16.5:
        resolution: { integrity: sha512-2HY2L0afN8IUgvxCAWY04bB6mhHSnC7YNGM2hmEkyAgP+n8jpZgGjiRokuk3AQ0g0IpX8h0KnS+xaznGEr5CGw== }
        engines: { node: '>=12' }
        cpu: [ x64 ]
        os: [ openbsd ]
        requiresBuild: true
        dev: true
        optional: true

    /@esbuild/sunos-x64/0.16.5:
        resolution: { integrity: sha512-Q7+HbDnW52LLW8YIU5h0sYZ23TvaaC0vuwiIbJUa91Qr77NKNJCe8stfunN1TRZo+6OwGpM3MrdUcUVUfr5wuA== }
        engines: { node: '>=12' }
        cpu: [ x64 ]
        os: [ sunos ]
        requiresBuild: true
        dev: true
        optional: true

    /@esbuild/win32-arm64/0.16.5:
        resolution: { integrity: sha512-KcegNS7IgLm/cAcjIW3kZyLiZi/p8I+A2a6OonDA77em9xHewdA2yTA+9pO4gr77MkXATcnDAFBrWw5oLHIZkQ== }
        engines: { node: '>=12' }
        cpu: [ arm64 ]
        os: [ win32 ]
        requiresBuild: true
        dev: true
        optional: true

    /@esbuild/win32-ia32/0.16.5:
        resolution: { integrity: sha512-ReUCJSzLNGH6WcvwjMzpEy2SX5GTZBeRTvCdklN4DT2YrgRIe82lYVikVHwA7fdiL3xHKvmdiicMqxE8QYmxrA== }
        engines: { node: '>=12' }
        cpu: [ ia32 ]
        os: [ win32 ]
        requiresBuild: true
        dev: true
        optional: true

    /@esbuild/win32-x64/0.16.5:
        resolution: { integrity: sha512-q00Jasz6/wCOD2XxRj4GEwj27u1zfpiBniL1ip3/YGGcYtvOoGKCNSS47sufO/8ixEgrSYDlkglSd6CxcS7m0g== }
        engines: { node: '>=12' }
        cpu: [ x64 ]
        os: [ win32 ]
        requiresBuild: true
        dev: true
        optional: true

    /@types/node/18.11.15:
        resolution: { integrity: sha512-VkhBbVo2+2oozlkdHXLrb3zjsRkpdnaU2bXmX8Wgle3PUi569eLRaHGlgETQHR7lLL1w7GiG3h9SnePhxNDecw== }
        dev: true

    /@vitejs/plugin-vue2/2.2.0_vite@4.0.1+vue@2.7.14:
        resolution: { integrity: sha512-1km7zEuZ/9QRPvzXSjikbTYGQPG86Mq1baktpC4sXqsXlb02HQKfi+fl8qVS703JM7cgm24Ga9j+RwKmvFn90A== }
        engines: { node: ^14.18.0 || >= 16.0.0 }
        peerDependencies:
            vite: ^3.0.0 || ^4.0.0
            vue: ^2.7.0-0
        dependencies:
            vite: 4.0.1_sdtyyucrvlukzcxiptpwgs6bky
            vue: 2.7.14
        dev: true

    /@volar/language-core/1.0.13:
        resolution: { integrity: sha512-aJhRiNjKFgLLB3nRJOfAeyle4StnEQgOKa0UpJU+k5EZd3QdiMfQmekXjxYeQj7NOZNQU7zCBEIvQ3gy15I7tA== }
        dependencies:
            '@volar/source-map': 1.0.13
            '@vue/reactivity': 3.2.45
            muggle-string: 0.1.0
        dev: true

    /@volar/source-map/1.0.13:
        resolution: { integrity: sha512-dU0plR9BS+bLs7u4chWay+VEIFTrLF15rG2634lGcu7o+z01bRO1U2cegZuIPy46SNkN3ONErLHwS09NBM+Ucg== }
        dependencies:
            muggle-string: 0.1.0
        dev: true

    /@volar/typescript/1.0.13:
        resolution: { integrity: sha512-CfJ4higRZrLDAHVGY84gZ444ZUcA3ktPqVMW0fM3mgHDbzYViB3/tsvXOtZk76D3HK2ap6n4cDwBSv3cY4xqlg== }
        dependencies:
            '@volar/language-core': 1.0.13
        dev: true

    /@volar/vue-language-core/1.0.13:
        resolution: { integrity: sha512-DRUg7yk4w2+5XFk8LS1dbXEM0na2uAddOj3KWHROPQmn78pfgXEH3r0NGDCnxElWJX5Y16iameisOjtOhevxog== }
        dependencies:
            '@volar/language-core': 1.0.13
            '@volar/source-map': 1.0.13
            '@vue/compiler-dom': 3.2.45
            '@vue/compiler-sfc': 3.2.45
            '@vue/reactivity': 3.2.45
            '@vue/shared': 3.2.45
            minimatch: 5.1.1
            vue-template-compiler: 2.7.14
        dev: true

    /@volar/vue-typescript/1.0.13:
        resolution: { integrity: sha512-iEdkF5l6G10fv/G5hs7WcvtT48AT6y/Pm7pvafnB6SxPhm2uHQ+130x3zeWLMaUel5t6h5LBw2pFsF5Bh85QAQ== }
        dependencies:
            '@volar/typescript': 1.0.13
            '@volar/vue-language-core': 1.0.13
        dev: true

    /@vue/compiler-core/3.2.45:
        resolution: { integrity: sha512-rcMj7H+PYe5wBV3iYeUgbCglC+pbpN8hBLTJvRiK2eKQiWqu+fG9F+8sW99JdL4LQi7Re178UOxn09puSXvn4A== }
        dependencies:
            '@babel/parser': 7.20.5
            '@vue/shared': 3.2.45
            estree-walker: 2.0.2
            source-map: 0.6.1
        dev: true

    /@vue/compiler-dom/3.2.45:
        resolution: { integrity: sha512-tyYeUEuKqqZO137WrZkpwfPCdiiIeXYCcJ8L4gWz9vqaxzIQRccTSwSWZ/Axx5YR2z+LvpUbmPNXxuBU45lyRw== }
        dependencies:
            '@vue/compiler-core': 3.2.45
            '@vue/shared': 3.2.45
        dev: true

    /@vue/compiler-sfc/2.7.14:
        resolution: { integrity: sha512-aNmNHyLPsw+sVvlQFQ2/8sjNuLtK54TC6cuKnVzAY93ks4ZBrvwQSnkkIh7bsbNhum5hJBS00wSDipQ937f5DA== }
        dependencies:
            '@babel/parser': 7.20.5
            postcss: 8.4.20
            source-map: 0.6.1

    /@vue/compiler-sfc/3.2.45:
        resolution: { integrity: sha512-1jXDuWah1ggsnSAOGsec8cFjT/K6TMZ0sPL3o3d84Ft2AYZi2jWJgRMjw4iaK0rBfA89L5gw427H4n1RZQBu6Q== }
        dependencies:
            '@babel/parser': 7.20.5
            '@vue/compiler-core': 3.2.45
            '@vue/compiler-dom': 3.2.45
            '@vue/compiler-ssr': 3.2.45
            '@vue/reactivity-transform': 3.2.45
            '@vue/shared': 3.2.45
            estree-walker: 2.0.2
            magic-string: 0.25.9
            postcss: 8.4.20
            source-map: 0.6.1
        dev: true

    /@vue/compiler-ssr/3.2.45:
        resolution: { integrity: sha512-6BRaggEGqhWht3lt24CrIbQSRD5O07MTmd+LjAn5fJj568+R9eUD2F7wMQJjX859seSlrYog7sUtrZSd7feqrQ== }
        dependencies:
            '@vue/compiler-dom': 3.2.45
            '@vue/shared': 3.2.45
        dev: true

    /@vue/reactivity-transform/3.2.45:
        resolution: { integrity: sha512-BHVmzYAvM7vcU5WmuYqXpwaBHjsS8T63jlKGWVtHxAHIoMIlmaMyurUSEs1Zcg46M4AYT5MtB1U274/2aNzjJQ== }
        dependencies:
            '@babel/parser': 7.20.5
            '@vue/compiler-core': 3.2.45
            '@vue/shared': 3.2.45
            estree-walker: 2.0.2
            magic-string: 0.25.9
        dev: true

    /@vue/reactivity/3.2.45:
        resolution: { integrity: sha512-PRvhCcQcyEVohW0P8iQ7HDcIOXRjZfAsOds3N99X/Dzewy8TVhTCT4uXpAHfoKjVTJRA0O0K+6QNkDIZAxNi3A== }
        dependencies:
            '@vue/shared': 3.2.45
        dev: true

    /@vue/shared/3.2.45:
        resolution: { integrity: sha512-Ewzq5Yhimg7pSztDV+RH1UDKBzmtqieXQlpTVm2AwraoRL/Rks96mvd8Vgi7Lj+h+TH8dv7mXD3FRZR3TUvbSg== }
        dev: true

    /anymatch/3.1.3:
        resolution: { integrity: sha512-KMReFUr0B4t+D+OBkjR3KYqvocp2XaSzO55UcB6mgQMd3KbcE+mWTyvVV7D/zsdEbNnV6acZUutkiHQXvTr1Rw== }
        engines: { node: '>= 8' }
        dependencies:
            normalize-path: 3.0.0
            picomatch: 2.3.1
        dev: true

    /async-validator/1.8.5:
        resolution: { integrity: sha512-tXBM+1m056MAX0E8TL2iCjg8WvSyXu0Zc8LNtYqrVeyoL3+esHRZ4SieE9fKQyyU09uONjnMEjrNBMqT0mbvmA== }
        dependencies:
            babel-runtime: 6.26.0
        dev: false

    /autoprefixer/10.4.13_postcss@8.4.20:
        resolution: { integrity: sha512-49vKpMqcZYsJjwotvt4+h/BCjJVnhGwcLpDt5xkcaOG3eLrG/HUYLagrihYsQ+qrIBgIzX1Rw7a6L8I/ZA1Atg== }
        engines: { node: ^10 || ^12 || >=14 }
        hasBin: true
        peerDependencies:
            postcss: ^8.1.0
        dependencies:
            browserslist: 4.21.4
            caniuse-lite: 1.0.30001439
            fraction.js: 4.2.0
            normalize-range: 0.1.2
            picocolors: 1.0.0
            postcss: 8.4.20
            postcss-value-parser: 4.2.0
        dev: true

    /avue-plugin-ueditor/0.2.9:
        resolution: { integrity: sha512-MNIJU8O5FNL4N/9f8/UWYB05M9WFjWZrrQUEe6AfEPGhxGBmQSAVJuh5w8bes8RB0eXW9D3yqktCCFBgucDXIQ== }
        dependencies:
            axios: 0.18.1
            vue: 2.7.14
            wangeditor: 4.7.15
        transitivePeerDependencies:
            - supports-color
        dev: false

    /axios/0.18.1:
        resolution: { integrity: sha512-0BfJq4NSfQXd+SkFdrvFbG7addhYSBA2mQwISr46pD6E5iqkWg02RAs8vyTT/j0RTnoYmeXauBuSv1qKwR179g== }
        deprecated: Critical security vulnerability fixed in v0.21.1. For more information, see https://github.com/axios/axios/pull/3410
        dependencies:
            follow-redirects: 1.5.10
            is-buffer: 2.0.5
        transitivePeerDependencies:
            - supports-color
        dev: false

    /babel-helper-vue-jsx-merge-props/2.0.3:
        resolution: { integrity: sha512-gsLiKK7Qrb7zYJNgiXKpXblxbV5ffSwR0f5whkPAaBAR4fhi6bwRZxX9wBlIc5M/v8CCkXUbXZL4N/nSE97cqg== }
        dev: false

    /babel-runtime/6.26.0:
        resolution: { integrity: sha512-ITKNuq2wKlW1fJg9sSW52eepoYgZBggvOAHC0u/CYu/qxQ9EVzThCgR69BnSXLHjy2f7SY5zaQ4yt7H9ZVxY2g== }
        dependencies:
            core-js: 2.6.12
            regenerator-runtime: 0.11.1
        dev: false

    /balanced-match/1.0.2:
        resolution: { integrity: sha512-3oSeUO0TMV67hN1AmbXsK4yaqU7tjiHlbxRDZOpH0KW9+CeX4bRAaX0Anxt0tx2MrpRpWwQaPwIlISEJhYU5Pw== }
        dev: true

    /binary-extensions/2.2.0:
        resolution: { integrity: sha512-jDctJ/IVQbZoJykoeHbhXpOlNBqGNcwXJKJog42E5HDPUwQTSdjCHdihjj0DlnheQ7blbT6dHOafNAiS8ooQKA== }
        engines: { node: '>=8' }
        dev: true

    /brace-expansion/2.0.1:
        resolution: { integrity: sha512-XnAIvQ8eM+kC6aULx6wuQiwVsnzsi9d3WxzV3FpWTGA19F621kwdbsAcFKXgKUHZWsy+mY6iL1sHTxWEFCytDA== }
        dependencies:
            balanced-match: 1.0.2
        dev: true

    /braces/3.0.2:
        resolution: { integrity: sha512-b8um+L1RzM3WDSzvhm6gIz1yfTbBt6YTlcEKAvsmqCZZFw46z626lVj9j1yEPW33H5H+lBQpZMP1k8l+78Ha0A== }
        engines: { node: '>=8' }
        dependencies:
            fill-range: 7.0.1
        dev: true

    /browserslist/4.21.4:
        resolution: { integrity: sha512-CBHJJdDmgjl3daYjN5Cp5kbTf1mUhZoS+beLklHIvkOWscs83YAhLlF3Wsh/lciQYAcbBJgTOD44VtG31ZM4Hw== }
        engines: { node: ^6 || ^7 || ^8 || ^9 || ^10 || ^11 || ^12 || >=13.7 }
        hasBin: true
        dependencies:
            caniuse-lite: 1.0.30001439
            electron-to-chromium: 1.4.284
            node-releases: 2.0.7
            update-browserslist-db: 1.0.10_browserslist@4.21.4
        dev: true

    /caniuse-lite/1.0.30001439:
        resolution: { integrity: sha512-1MgUzEkoMO6gKfXflStpYgZDlFM7M/ck/bgfVCACO5vnAf0fXoNVHdWtqGU+MYca+4bL9Z5bpOVmR33cWW9G2A== }
        dev: true

    /chokidar/3.5.3:
        resolution: { integrity: sha512-Dr3sfKRP6oTcjf2JmUmFJfeVMvXBdegxB0iVQ5eb2V10uFJUCAS8OByZdVAyVb8xXNz3GjjTgj9kLWsZTqE6kw== }
        engines: { node: '>= 8.10.0' }
        dependencies:
            anymatch: 3.1.3
            braces: 3.0.2
            glob-parent: 5.1.2
            is-binary-path: 2.1.0
            is-glob: 4.0.3
            normalize-path: 3.0.0
            readdirp: 3.6.0
        optionalDependencies:
            fsevents: 2.3.2
        dev: true

    /copy-anything/2.0.6:
        resolution: { integrity: sha512-1j20GZTsvKNkc4BY3NpMOM8tt///wY3FpIzozTOFO2ffuZcV61nojHXVKIy3WM+7ADCy5FVhdZYHYDdgTU0yJw== }
        dependencies:
            is-what: 3.14.1
        dev: true

    /core-js-pure/3.26.1:
        resolution: { integrity: sha512-VVXcDpp/xJ21KdULRq/lXdLzQAtX7+37LzpyfFM973il0tWSsDEoyzG38G14AjTpK9VTfiNM9jnFauq/CpaWGQ== }
        requiresBuild: true
        dev: false

    /core-js/2.6.12:
        resolution: { integrity: sha512-Kb2wC0fvsWfQrgk8HU5lW6U/Lcs8+9aaYcy4ZFc6DDlo4nZ7n70dEgE5rtR0oG6ufKDUnrwfWL1mXR5ljDatrQ== }
        deprecated: core-js@<3.23.3 is no longer maintained and not recommended for usage due to the number of issues. Because of the V8 engine whims, feature detection in old core-js versions could cause a slowdown up to 100x even if nothing is polyfilled. Some versions have web compatibility issues. Please, upgrade your dependencies to the actual version of core-js.
        requiresBuild: true
        dev: false

    /csstype/3.1.1:
        resolution: { integrity: sha512-DJR/VvkAvSZW9bTouZue2sSxDwdTN92uHjqeKVm+0dAqdfNykRzQ95tay8aXMBAAPpUiq4Qcug2L7neoRh2Egw== }

    /de-indent/1.0.2:
        resolution: { integrity: sha512-e/1zu3xH5MQryN2zdVaF0OrdNLUbvWxzMbi+iNA6Bky7l1RoP8a2fIbRocyHclXt/arDrrR6lL3TqFD9pMQTsg== }
        dev: true

    /debug/3.1.0:
        resolution: { integrity: sha512-OX8XqP7/1a9cqkxYw2yXss15f26NKWBpDXQd0/uK/KPqdQhxbPa994hnzjcE2VqQpDslf55723cKPUOGSmMY3g== }
        peerDependencies:
            supports-color: '*'
        peerDependenciesMeta:
            supports-color:
                optional: true
        dependencies:
            ms: 2.0.0
        dev: false

    /debug/3.2.7:
        resolution: { integrity: sha512-CFjzYYAi4ThfiQvizrFQevTTXHtnCqWfe7x1AhgEscTz6ZbLbfoLRLPugTQyBth6f8ZERVUSyWHFD/7Wu4t1XQ== }
        peerDependencies:
            supports-color: '*'
        peerDependenciesMeta:
            supports-color:
                optional: true
        dependencies:
            ms: 2.1.3
        dev: true
        optional: true

    /deepmerge/1.5.2:
        resolution: { integrity: sha512-95k0GDqvBjZavkuvzx/YqVLv/6YYa17fz6ILMSf7neqQITCPbnfEnQvEgMPNjH4kgobe7+WIL0yJEHku+H3qtQ== }
        engines: { node: '>=0.10.0' }
        dev: false

    /electron-to-chromium/1.4.284:
        resolution: { integrity: sha512-M8WEXFuKXMYMVr45fo8mq0wUrrJHheiKZf6BArTKk9ZBYCKJEOU5H8cdWgDT+qCVZf7Na4lVUaZsA+h6uA9+PA== }
        dev: true

    /element-ui/2.15.12_vue@2.7.14:
        resolution: { integrity: sha512-Y5FMT2BPOindU2GkDEQ5ZKUVxDawKONRNMh2eL3uBx1FOtvUJ+L6IxXLVsNxq4WnaX/UnVNgWXebl7DobygZMg== }
        peerDependencies:
            vue: ^2.5.17
        dependencies:
            async-validator: 1.8.5
            babel-helper-vue-jsx-merge-props: 2.0.3
            deepmerge: 1.5.2
            normalize-wheel: 1.0.1
            resize-observer-polyfill: 1.5.1
            throttle-debounce: 1.1.0
            vue: 2.7.14
        dev: false

    /errno/0.1.8:
        resolution: { integrity: sha512-dJ6oBr5SQ1VSd9qkk7ByRgb/1SH4JZjCHSW/mr63/QcXO9zLVxvJ6Oy13nio03rxpSnVDDjFor75SjVeZWPW/A== }
        hasBin: true
        requiresBuild: true
        dependencies:
            prr: 1.0.1
        dev: true
        optional: true

    /esbuild/0.16.5:
        resolution: { integrity: sha512-te0zG5CDzAxhnBKeddXUtK8xDnYL6jv100ekldhtUk0ALXPXcDAtuH0fAR7rbKwUdz3bOey6HVq2N+aWCKZ1cw== }
        engines: { node: '>=12' }
        hasBin: true
        requiresBuild: true
        optionalDependencies:
            '@esbuild/android-arm': 0.16.5
            '@esbuild/android-arm64': 0.16.5
            '@esbuild/android-x64': 0.16.5
            '@esbuild/darwin-arm64': 0.16.5
            '@esbuild/darwin-x64': 0.16.5
            '@esbuild/freebsd-arm64': 0.16.5
            '@esbuild/freebsd-x64': 0.16.5
            '@esbuild/linux-arm': 0.16.5
            '@esbuild/linux-arm64': 0.16.5
            '@esbuild/linux-ia32': 0.16.5
            '@esbuild/linux-loong64': 0.16.5
            '@esbuild/linux-mips64el': 0.16.5
            '@esbuild/linux-ppc64': 0.16.5
            '@esbuild/linux-riscv64': 0.16.5
            '@esbuild/linux-s390x': 0.16.5
            '@esbuild/linux-x64': 0.16.5
            '@esbuild/netbsd-x64': 0.16.5
            '@esbuild/openbsd-x64': 0.16.5
            '@esbuild/sunos-x64': 0.16.5
            '@esbuild/win32-arm64': 0.16.5
            '@esbuild/win32-ia32': 0.16.5
            '@esbuild/win32-x64': 0.16.5
        dev: true

    /escalade/3.1.1:
        resolution: { integrity: sha512-k0er2gUkLf8O0zKJiAhmkTnJlTvINGv7ygDNPbeIsX/TJjGJZHuh9B2UxbsaEkmlEo9MfhrSzmhIlhRlI2GXnw== }
        engines: { node: '>=6' }
        dev: true

    /estree-walker/2.0.2:
        resolution: { integrity: sha512-Rfkk/Mp/DL7JVje3u18FxFujQlTNR2q6QfMSMB7AvCBx91NGj/ba3kCfza0f6dVDbw7YlRf/nDrn7pQrCCyQ/w== }
        dev: true

    /fill-range/7.0.1:
        resolution: { integrity: sha512-qOo9F+dMUmC2Lcb4BbVvnKJxTPjCm+RRpe4gDuGrzkL7mEVl/djYSu2OdQ2Pa302N4oqkSg9ir6jaLWJ2USVpQ== }
        engines: { node: '>=8' }
        dependencies:
            to-regex-range: 5.0.1
        dev: true

    /follow-redirects/1.5.10:
        resolution: { integrity: sha512-0V5l4Cizzvqt5D44aTXbFZz+FtyXV1vrDN6qrelxtfYQKW0KO0W2T/hkE8xvGa/540LkZlkaUjO4ailYTFtHVQ== }
        engines: { node: '>=4.0' }
        dependencies:
            debug: 3.1.0
        transitivePeerDependencies:
            - supports-color
        dev: false

    /fraction.js/4.2.0:
        resolution: { integrity: sha512-MhLuK+2gUcnZe8ZHlaaINnQLl0xRIGRfcGk2yl8xoQAfHrSsL3rYu6FCmBdkdbhc9EPlwyGHewaRsvwRMJtAlA== }
        dev: true

    /fsevents/2.3.2:
        resolution: { integrity: sha512-xiqMQR4xAeHTuB9uWm+fFRcIOgKBMiOBP+eXiyT7jsgVCq1bkVygt00oASowB7EdtpOHaaPgKt812P9ab+DDKA== }
        engines: { node: ^8.16.0 || ^10.6.0 || >=11.0.0 }
        os: [ darwin ]
        requiresBuild: true
        dev: true
        optional: true

    /function-bind/1.1.1:
        resolution: { integrity: sha512-yIovAzMX49sF8Yl58fSCWJ5svSLuaibPxXQJFLmBObTuCr0Mf1KiPopGM9NiFjiYBCbfaa2Fh6breQ6ANVTI0A== }
        dev: true

    /glob-parent/5.1.2:
        resolution: { integrity: sha512-AOIgSQCepiJYwP3ARnGx+5VnTu2HBYdzbGP45eLw1vr3zB3vZLeyed1sC9hnbcOc9/SrMyM5RPQrkGz4aS9Zow== }
        engines: { node: '>= 6' }
        dependencies:
            is-glob: 4.0.3
        dev: true

    /graceful-fs/4.2.10:
        resolution: { integrity: sha512-9ByhssR2fPVsNZj478qUUbKfmL0+t5BDVyjShtyZZLiK7ZDAArFFfopyOTj0M05wE2tJPisA4iTnnXl2YoPvOA== }
        requiresBuild: true
        dev: true
        optional: true

    /has/1.0.3:
        resolution: { integrity: sha512-f2dvO0VU6Oej7RkWJGrehjbzMAjFp5/VKPp5tTpWIV4JHHZK1/BxbFRtf/siA2SWTe09caDmVtYYzWEIbBS4zw== }
        engines: { node: '>= 0.4.0' }
        dependencies:
            function-bind: 1.1.1
        dev: true

    /he/1.2.0:
        resolution: { integrity: sha512-F/1DnUGPopORZi0ni+CvrCgHQ5FyEAHRLSApuYWMmrbSwoN2Mn/7k+Gl38gJnR7yyDZk6WLXwiGod1JOWNDKGw== }
        hasBin: true
        dev: true

    /iconv-lite/0.6.3:
        resolution: { integrity: sha512-4fCk79wshMdzMp2rH06qWrJE4iolqLhCUH+OiuIgU++RB0+94NlDL81atO7GX55uUKueo0txHNtvEyI6D7WdMw== }
        engines: { node: '>=0.10.0' }
        dependencies:
            safer-buffer: 2.1.2
        dev: true
        optional: true

    /image-size/0.5.5:
        resolution: { integrity: sha512-6TDAlDPZxUFCv+fuOkIoXT/V/f3Qbq8e37p+YOiYrUv3v9cc3/6x78VdfPgFVaB9dZYeLUfKgHRebpkm/oP2VQ== }
        engines: { node: '>=0.10.0' }
        hasBin: true
        requiresBuild: true
        dev: true
        optional: true

    /immutable/4.1.0:
        resolution: { integrity: sha512-oNkuqVTA8jqG1Q6c+UglTOD1xhC1BtjKI7XkCXRkZHrN5m18/XsnUp8Q89GkQO/z+0WjonSvl0FLhDYftp46nQ== }
        dev: true

    /is-binary-path/2.1.0:
        resolution: { integrity: sha512-ZMERYes6pDydyuGidse7OsHxtbI7WVeUEozgR/g7rd0xUimYNlvZRE/K2MgZTjWy725IfelLeVcEM97mmtRGXw== }
        engines: { node: '>=8' }
        dependencies:
            binary-extensions: 2.2.0
        dev: true

    /is-buffer/2.0.5:
        resolution: { integrity: sha512-i2R6zNFDwgEHJyQUtJEk0XFi1i0dPFn/oqjK3/vPCcDeJvW5NQ83V8QbicfF1SupOaB0h8ntgBC2YiE7dfyctQ== }
        engines: { node: '>=4' }
        dev: false

    /is-core-module/2.11.0:
        resolution: { integrity: sha512-RRjxlvLDkD1YJwDbroBHMb+cukurkDWNyHx7D3oNB5x9rb5ogcksMC5wHCadcXoo67gVr/+3GFySh3134zi6rw== }
        dependencies:
            has: 1.0.3
        dev: true

    /is-extglob/2.1.1:
        resolution: { integrity: sha512-SbKbANkN603Vi4jEZv49LeVJMn4yGwsbzZworEoyEiutsN3nJYdbO36zfhGJ6QEDpOZIFkDtnq5JRxmvl3jsoQ== }
        engines: { node: '>=0.10.0' }
        dev: true

    /is-glob/4.0.3:
        resolution: { integrity: sha512-xelSayHH36ZgE7ZWhli7pW34hNbNl8Ojv5KVmkJD4hBdD3th8Tfk9vYasLM+mXWOZhFkgZfxhLSnrwRr4elSSg== }
        engines: { node: '>=0.10.0' }
        dependencies:
            is-extglob: 2.1.1
        dev: true

    /is-number/7.0.0:
        resolution: { integrity: sha512-41Cifkg6e8TylSpdtTpeLVMqvSBEVzTttHvERD741+pnZ8ANv0004MRL43QKPDlK9cGvNp6NZWZUBlbGXYxxng== }
        engines: { node: '>=0.12.0' }
        dev: true

    /is-what/3.14.1:
        resolution: { integrity: sha512-sNxgpk9793nzSs7bA6JQJGeIuRBQhAaNGG77kzYQgMkrID+lS6SlK07K5LaptscDlSaIgH+GPFzf+d75FVxozA== }
        dev: true

    /less/4.1.3:
        resolution: { integrity: sha512-w16Xk/Ta9Hhyei0Gpz9m7VS8F28nieJaL/VyShID7cYvP6IL5oHeL6p4TXSDJqZE/lNv0oJ2pGVjJsRkfwm5FA== }
        engines: { node: '>=6' }
        hasBin: true
        dependencies:
            copy-anything: 2.0.6
            parse-node-version: 1.0.1
            tslib: 2.4.1
        optionalDependencies:
            errno: 0.1.8
            graceful-fs: 4.2.10
            image-size: 0.5.5
            make-dir: 2.1.0
            mime: 1.6.0
            needle: 3.2.0
            source-map: 0.6.1
        transitivePeerDependencies:
            - supports-color
        dev: true

    /lodash/4.17.21:
        resolution: { integrity: sha512-v2kDEe57lecTulaDIuNTPy3Ry4gLGJ6Z1O3vE1krgXZNrsQ+LFTGHVxVjcXPs17LhbZVGedAJv8XZ1tvj5FvSg== }
        dev: false

    /magic-string/0.25.9:
        resolution: { integrity: sha512-RmF0AsMzgt25qzqqLc1+MbHmhdx0ojF2Fvs4XnOqz2ZOBXzzkEwc/dJQZCYHAn7v1jbVOjAZfK8msRn4BxO4VQ== }
        dependencies:
            sourcemap-codec: 1.4.8
        dev: true

    /make-dir/2.1.0:
        resolution: { integrity: sha512-LS9X+dc8KLxXCb8dni79fLIIUA5VyZoyjSMCwTluaXA0o27cCK0bhXkpgw+sTXVpPy/lSO57ilRixqk0vDmtRA== }
        engines: { node: '>=6' }
        requiresBuild: true
        dependencies:
            pify: 4.0.1
            semver: 5.7.1
        dev: true
        optional: true

    /mime/1.6.0:
        resolution: { integrity: sha512-x0Vn8spI+wuJ1O6S7gnbaQg8Pxh4NNHb7KSINmEWKiPE4RKOplvijn+NkmYmmRgP68mc70j2EbeTFRsrswaQeg== }
        engines: { node: '>=4' }
        hasBin: true
        requiresBuild: true
        dev: true
        optional: true

    /minimatch/5.1.1:
        resolution: { integrity: sha512-362NP+zlprccbEt/SkxKfRMHnNY85V74mVnpUpNyr3F35covl09Kec7/sEFLt3RA4oXmewtoaanoIf67SE5Y5g== }
        engines: { node: '>=10' }
        dependencies:
            brace-expansion: 2.0.1
        dev: true

    /ms/2.0.0:
        resolution: { integrity: sha512-Tpp60P6IUJDTuOq/5Z8cdskzJujfwqfOTkrwIwj7IRISpnkJnT6SyJ4PCPnGMoFjC9ddhal5KVIYtAt97ix05A== }
        dev: false

    /ms/2.1.3:
        resolution: { integrity: sha512-6FlzubTLZG3J2a/NVCAleEhjzq5oxgHyaCU9yYXvcLsvoVaHJq/s5xXI6/XXP6tz7R9xAOtHnSO/tXtF3WRTlA== }
        dev: true
        optional: true

    /muggle-string/0.1.0:
        resolution: { integrity: sha512-Tr1knR3d2mKvvWthlk7202rywKbiOm4rVFLsfAaSIhJ6dt9o47W4S+JMtWhd/PW9Wrdew2/S2fSvhz3E2gkfEg== }
        dev: true

    /nanoid/3.3.4:
        resolution: { integrity: sha512-MqBkQh/OHTS2egovRtLk45wEyNXwF+cokD+1YPf9u5VfJiRdAiRwB2froX5Co9Rh20xs4siNPm8naNotSD6RBw== }
        engines: { node: ^10 || ^12 || ^13.7 || ^14 || >=15.0.1 }
        hasBin: true

    /needle/3.2.0:
        resolution: { integrity: sha512-oUvzXnyLiVyVGoianLijF9O/RecZUf7TkBfimjGrLM4eQhXyeJwM6GeAWccwfQ9aa4gMCZKqhAOuLaMIcQxajQ== }
        engines: { node: '>= 4.4.x' }
        hasBin: true
        requiresBuild: true
        dependencies:
            debug: 3.2.7
            iconv-lite: 0.6.3
            sax: 1.2.4
        transitivePeerDependencies:
            - supports-color
        dev: true
        optional: true

    /node-releases/2.0.7:
        resolution: { integrity: sha512-EJ3rzxL9pTWPjk5arA0s0dgXpnyiAbJDE6wHT62g7VsgrgQgmmZ+Ru++M1BFofncWja+Pnn3rEr3fieRySAdKQ== }
        dev: true

    /normalize-path/3.0.0:
        resolution: { integrity: sha512-6eZs5Ls3WtCisHWp9S2GUy8dqkpGi4BVSz3GaqiE6ezub0512ESztXUwUB6C6IKbQkY2Pnb/mD4WYojCRwcwLA== }
        engines: { node: '>=0.10.0' }
        dev: true

    /normalize-range/0.1.2:
        resolution: { integrity: sha512-bdok/XvKII3nUpklnV6P2hxtMNrCboOjAcyBuQnWEhO665FwrSNRxU+AqpsyvO6LgGYPspN+lu5CLtw4jPRKNA== }
        engines: { node: '>=0.10.0' }
        dev: true

    /normalize-wheel/1.0.1:
        resolution: { integrity: sha512-1OnlAPZ3zgrk8B91HyRj+eVv+kS5u+Z0SCsak6Xil/kmgEia50ga7zfkumayonZrImffAxPU/5WcyGhzetHNPA== }
        dev: false

    /parse-node-version/1.0.1:
        resolution: { integrity: sha512-3YHlOa/JgH6Mnpr05jP9eDG254US9ek25LyIxZlDItp2iJtwyaXQb57lBYLdT3MowkUFYEV2XXNAYIPlESvJlA== }
        engines: { node: '>= 0.10' }
        dev: true

    /path-parse/1.0.7:
        resolution: { integrity: sha512-LDJzPVEEEPR+y48z93A0Ed0yXb8pAByGWo/k5YYdYgpY2/2EsOsksJrq7lOHxryrVOn1ejG6oAp8ahvOIQD8sw== }
        dev: true

    /picocolors/1.0.0:
        resolution: { integrity: sha512-1fygroTLlHu66zi26VoTDv8yRgm0Fccecssto+MhsZ0D/DGW2sm8E8AjW7NU5VVTRt5GxbeZ5qBuJr+HyLYkjQ== }

    /picomatch/2.3.1:
        resolution: { integrity: sha512-JU3teHTNjmE2VCGFzuY8EXzCDVwEqB2a8fsIvwaStHhAWJEeVd1o1QD80CU6+ZdEXXSLbSsuLwJjkCBWqRQUVA== }
        engines: { node: '>=8.6' }
        dev: true

    /pify/4.0.1:
        resolution: { integrity: sha512-uB80kBFb/tfd68bVleG9T5GGsGPjJrLAUpR5PZIrhBnIaRTQRjqdJSsIKkOP6OAIFbj7GOrcudc5pNjZ+geV2g== }
        engines: { node: '>=6' }
        dev: true
        optional: true

    /postcss-value-parser/4.2.0:
        resolution: { integrity: sha512-1NNCs6uurfkVbeXG4S8JFT9t19m45ICnif8zWLd5oPSZ50QnwMfK+H3jv408d4jw/7Bttv5axS5IiHoLaVNHeQ== }
        dev: true

    /postcss/8.4.20:
        resolution: { integrity: sha512-6Q04AXR1212bXr5fh03u8aAwbLxAQNGQ/Q1LNa0VfOI06ZAlhPHtQvE4OIdpj4kLThXilalPnmDSOD65DcHt+g== }
        engines: { node: ^10 || ^12 || >=14 }
        dependencies:
            nanoid: 3.3.4
            picocolors: 1.0.0
            source-map-js: 1.0.2

    /prr/1.0.1:
        resolution: { integrity: sha512-yPw4Sng1gWghHQWj0B3ZggWUm4qVbPwPFcRG8KyxiU7J2OHFSoEHKS+EZ3fv5l1t9CyCiop6l/ZYeWbrgoQejw== }
        dev: true
        optional: true

    /readdirp/3.6.0:
        resolution: { integrity: sha512-hOS089on8RduqdbhvQ5Z37A0ESjsqz6qnRcffsMU3495FuTdqSm+7bhJ29JvIOsBDEEnan5DPu9t3To9VRlMzA== }
        engines: { node: '>=8.10.0' }
        dependencies:
            picomatch: 2.3.1
        dev: true

    /regenerator-runtime/0.11.1:
        resolution: { integrity: sha512-MguG95oij0fC3QV3URf4V2SDYGJhJnJGqvIIgdECeODCT98wSWDAJ94SSuVpYQUoTcGUIL6L4yNB7j1DFFHSBg== }
        dev: false

    /regenerator-runtime/0.13.11:
        resolution: { integrity: sha512-kY1AZVr2Ra+t+piVaJ4gxaFaReZVH40AKNo7UCX6W+dEwBo/2oZJzqfuN1qLq1oL45o56cPaTXELwrTh8Fpggg== }
        dev: false

    /resize-observer-polyfill/1.5.1:
        resolution: { integrity: sha512-LwZrotdHOo12nQuZlHEmtuXdqGoOD0OhaxopaNFxWzInpEgaLWoVuAMbTzixuosCx2nEG58ngzW3vxdWoxIgdg== }
        dev: false

    /resolve/1.22.1:
        resolution: { integrity: sha512-nBpuuYuY5jFsli/JIs1oldw6fOQCBioohqWZg/2hiaOybXOft4lonv85uDOKXdf8rhyK159cxU5cDcK/NKk8zw== }
        hasBin: true
        dependencies:
            is-core-module: 2.11.0
            path-parse: 1.0.7
            supports-preserve-symlinks-flag: 1.0.0
        dev: true

    /rollup/3.7.4:
        resolution: { integrity: sha512-jN9rx3k5pfg9H9al0r0y1EYKSeiRANZRYX32SuNXAnKzh6cVyf4LZVto1KAuDnbHT03E1CpsgqDKaqQ8FZtgxw== }
        engines: { node: '>=14.18.0', npm: '>=8.0.0' }
        hasBin: true
        optionalDependencies:
            fsevents: 2.3.2
        dev: true

    /safer-buffer/2.1.2:
        resolution: { integrity: sha512-YZo3K82SD7Riyi0E1EQPojLz7kpepnSQI9IyPbHHg1XXXevb5dJI7tpyN2ADxGcQbHG7vcyRHk0cbwqcQriUtg== }
        dev: true
        optional: true

    /sass/1.56.2:
        resolution: { integrity: sha512-ciEJhnyCRwzlBCB+h5cCPM6ie/6f8HrhZMQOf5vlU60Y1bI1rx5Zb0vlDZvaycHsg/MqFfF1Eq2eokAa32iw8w== }
        engines: { node: '>=12.0.0' }
        hasBin: true
        dependencies:
            chokidar: 3.5.3
            immutable: 4.1.0
            source-map-js: 1.0.2
        dev: true

    /sax/1.2.4:
        resolution: { integrity: sha512-NqVDv9TpANUjFm0N8uM5GxL36UgKi9/atZw+x7YFnQ8ckwFGKrl4xX4yWtrey3UJm5nP1kUbnYgLopqWNSRhWw== }
        dev: true
        optional: true

    /semver/5.7.1:
        resolution: { integrity: sha512-sauaDf/PZdVgrLTNYHRtpXa1iRiKcaebiKQ1BJdpQlWH2lCvexQdX55snPFyK7QzpudqbCI0qXFfOasHdyNDGQ== }
        hasBin: true
        dev: true
        optional: true

    /source-map-js/1.0.2:
        resolution: { integrity: sha512-R0XvVJ9WusLiqTCEiGCmICCMplcCkIwwR11mOSD9CR5u+IXYdiseeEuXCVAjS54zqwkLcPNnmU4OeJ6tUrWhDw== }
        engines: { node: '>=0.10.0' }

    /source-map/0.6.1:
        resolution: { integrity: sha512-UjgapumWlbMhkBgzT7Ykc5YXUT46F0iKu8SGXq0bcwP5dz/h0Plj6enJqjz1Zbq2l5WaqYnrVbwWOWMyF3F47g== }
        engines: { node: '>=0.10.0' }

    /sourcemap-codec/1.4.8:
        resolution: { integrity: sha512-9NykojV5Uih4lgo5So5dtw+f0JgJX30KCNI8gwhz2J9A15wD0Ml6tjHKwf6fTSa6fAdVBdZeNOs9eJ71qCk8vA== }
        deprecated: Please use @jridgewell/sourcemap-codec instead
        dev: true

    /supports-preserve-symlinks-flag/1.0.0:
        resolution: { integrity: sha512-ot0WnXS9fgdkgIcePe6RHNk1WA8+muPa6cSjeR3V8K27q9BB1rTE3R1p7Hv0z1ZyAc8s6Vvv8DIyWf681MAt0w== }
        engines: { node: '>= 0.4' }
        dev: true

    /throttle-debounce/1.1.0:
        resolution: { integrity: sha512-XH8UiPCQcWNuk2LYePibW/4qL97+ZQ1AN3FNXwZRBNPPowo/NRU5fAlDCSNBJIYCKbioZfuYtMhG4quqoJhVzg== }
        engines: { node: '>=4' }
        dev: false

    /to-fast-properties/2.0.0:
        resolution: { integrity: sha512-/OaKK0xYrs3DmxRYqL/yDc+FxFUVYhDlXMhRmv3z915w2HF1tnN1omB354j8VUGO/hbRzyD6Y3sA7v7GS/ceog== }
        engines: { node: '>=4' }

    /to-regex-range/5.0.1:
        resolution: { integrity: sha512-65P7iz6X5yEr1cwcgvQxbbIw7Uk3gOy5dIdtZ4rDveLqhrdJP+Li/Hx6tyK0NEb+2GCyneCMJiGqrADCSNk8sQ== }
        engines: { node: '>=8.0' }
        dependencies:
            is-number: 7.0.0
        dev: true

    /tslib/2.4.1:
        resolution: { integrity: sha512-tGyy4dAjRIEwI7BzsB0lynWgOpfqjUdq91XXAlIWD2OwKBH7oCl/GZG/HT4BOHrTlPMOASlMQ7veyTqpmRcrNA== }

    /typescript/4.9.4:
        resolution: { integrity: sha512-Uz+dTXYzxXXbsFpM86Wh3dKCxrQqUcVMxwU54orwlJjOpO3ao8L7j5lH+dWfTwgCwIuM9GQ2kvVotzYJMXTBZg== }
        engines: { node: '>=4.2.0' }
        hasBin: true
        dev: true

    /update-browserslist-db/1.0.10_browserslist@4.21.4:
        resolution: { integrity: sha512-OztqDenkfFkbSG+tRxBeAnCVPckDBcvibKd35yDONx6OU8N7sqgwc7rCbkJ/WcYtVRZ4ba68d6byhC21GFh7sQ== }
        hasBin: true
        peerDependencies:
            browserslist: '>= 4.21.0'
        dependencies:
            browserslist: 4.21.4
            escalade: 3.1.1
            picocolors: 1.0.0
        dev: true

    /vite/4.0.1_sdtyyucrvlukzcxiptpwgs6bky:
        resolution: { integrity: sha512-kZQPzbDau35iWOhy3CpkrRC7It+HIHtulAzBhMqzGHKRf/4+vmh8rPDDdv98SWQrFWo6//3ozwsRmwQIPZsK9g== }
        engines: { node: ^14.18.0 || >=16.0.0 }
        hasBin: true
        peerDependencies:
            '@types/node': '>= 14'
            less: '*'
            sass: '*'
            stylus: '*'
            sugarss: '*'
            terser: ^5.4.0
        peerDependenciesMeta:
            '@types/node':
                optional: true
            less:
                optional: true
            sass:
                optional: true
            stylus:
                optional: true
            sugarss:
                optional: true
            terser:
                optional: true
        dependencies:
            '@types/node': 18.11.15
            esbuild: 0.16.5
            less: 4.1.3
            postcss: 8.4.20
            resolve: 1.22.1
            rollup: 3.7.4
            sass: 1.56.2
        optionalDependencies:
            fsevents: 2.3.2
        dev: true

    /vue-class-component/7.2.6_vue@2.7.14:
        resolution: { integrity: sha512-+eaQXVrAm/LldalI272PpDe3+i4mPis0ORiMYxF6Ae4hyuCh15W8Idet7wPUEs4N4YptgFHGys4UrgNQOMyO6w== }
        peerDependencies:
            vue: ^2.0.0
        dependencies:
            vue: 2.7.14
        dev: false

    /vue-json-editor/1.4.3:
        resolution: { integrity: sha512-st9HdXBgCnyEmmfWrZQiKzp4KuYXzmYVUNDn5h6Fa18MrrGS1amnyUFyv7hQFsNBDW27B7BKkdGOqszYT1srAg== }
        engines: { node: '>= 4.0.0', npm: '>= 3.0.0' }
        dependencies:
            vue: 2.7.14
        dev: false

    /vue-property-decorator/9.1.2_jtyyyychrtcflhl7vfprhmeb3y:
        resolution: { integrity: sha512-xYA8MkZynPBGd/w5QFJ2d/NM0z/YeegMqYTphy7NJQXbZcuU6FC6AOdUAcy4SXP+YnkerC6AfH+ldg7PDk9ESQ== }
        peerDependencies:
            vue: '*'
            vue-class-component: '*'
        dependencies:
            vue: 2.7.14
            vue-class-component: 7.2.6_vue@2.7.14
        dev: false

    /vue-template-compiler/2.7.14:
        resolution: { integrity: sha512-zyA5Y3ArvVG0NacJDkkzJuPQDF8RFeRlzV2vLeSnhSpieO6LK2OVbdLPi5MPPs09Ii+gMO8nY4S3iKQxBxDmWQ== }
        dependencies:
            de-indent: 1.0.2
            he: 1.2.0
        dev: true

    /vue-tsc/1.0.13_typescript@4.9.4:
        resolution: { integrity: sha512-DORISA3Fu9595xbg5HQqUj4XZVvkyRkcZFJCkCt1CeN7tIMgVRQ8ow07AKcbuHoEkqg7OI4qLu1wyC/VH3o5Ug== }
        hasBin: true
        peerDependencies:
            typescript: '*'
        dependencies:
            '@volar/vue-language-core': 1.0.13
            '@volar/vue-typescript': 1.0.13
            typescript: 4.9.4
        dev: true

    /vue/2.7.14:
        resolution: { integrity: sha512-b2qkFyOM0kwqWFuQmgd4o+uHGU7T+2z3T+WQp8UBjADfEv2n4FEMffzBmCKNP0IGzOEEfYjvtcC62xaSKeQDrQ== }
        dependencies:
            '@vue/compiler-sfc': 2.7.14
            csstype: 3.1.1

    /wangeditor/4.7.15:
        resolution: { integrity: sha512-aPTdREd8BxXVyJ5MI+LU83FQ7u1EPd341iXIorRNYSOvoimNoZ4nPg+yn3FGbB93/owEa6buLw8wdhYnMCJQLg== }
        dependencies:
            '@babel/runtime': 7.20.6
            '@babel/runtime-corejs3': 7.20.6
            tslib: 2.4.1
        dev: false
